{
  "name": "react-native-react-native-chictuslytics",
  "version": "1.0.1",
  "lockfileVersion": 1,
  "requires": true,
  "dependencies": {
    "pod-installer": {
      "version": "0.0.0",
      "resolved": "https://registry.npmjs.org/pod-installer/-/pod-installer-0.0.0.tgz",
      "integrity": "sha512-5GFFvaXwESMx0QoopeJqFZzi4xOqI86Lh65WqWAVuZNorUio4/ZBRx7AQBfwnBwOeGA/JjXHP+nHZmSKWGoG1g=="
    },
    "react-native-exception-handler": {
      "version": "2.10.2",
      "resolved": "https://registry.npmjs.org/react-native-exception-handler/-/react-native-exception-handler-2.10.2.tgz",
      "integrity": "sha512-hcPXfjSTSEbJYhUUbgarKZNwJFG2rehbJVW5ZbQc2rVkFor6tS4diyqufkWayS0mKg+N/Q3sP1w0j3QWv+u4mg=="
    },
    "react-native-photo-editor": {
      "version": "0.0.7",
      "resolved": "https://registry.npmjs.org/react-native-photo-editor/-/react-native-photo-editor-0.0.7.tgz",
      "integrity": "sha512-x7bIyMKkGMWB+gV879rE0nxJ7w6TGL/Kho5RLj3Gtxgjup46y07EW7ig9Nia7JrBMr0B2jVpp1HsNque5Nqg4g==",
      "requires": {
        "pod-installer": "0.0.0"
      }
    },
    "react-native-restart": {
      "version": "0.0.7",
      "resolved": "https://registry.npmjs.org/react-native-restart/-/react-native-restart-0.0.7.tgz",
      "integrity": "sha512-/7TdL3pHM7H0Cut6U6SK1jd6fVYvLlQq0O4inJ7j4YD0w9BtAAFqLkLnBDOA0jL4oLw/89yR8HhLOzNFGvVsfw=="
    },
    "react-native-view-shot": {
      "version": "2.5.0",
      "resolved": "https://registry.npmjs.org/react-native-view-shot/-/react-native-view-shot-2.5.0.tgz",
      "integrity": "sha512-xFJA+N7wh8Ik/17I4QB24e0a0L3atg1ScVehvtYR5UBTgHdzTFA0ZylvXp9gkZt7V+AT5Pni0H3NQItpqSKFoQ=="
    }
  }
}
