{
  "name": "react-native-react-native-chictuslytics",
  "version": "1.0.4",
  "lockfileVersion": 1,
  "requires": true,
  "dependencies": {
    "invariant": {
      "version": "2.2.4",
      "resolved": "https://registry.npmjs.org/invariant/-/invariant-2.2.4.tgz",
      "integrity": "sha512-phJfQVBuaJM5raOpJjSfkiD6BpbCE4Ns//LaXl6wGYtUBY83nWS6Rf9tXm2e8VaK60JEjYldbPif/A2B1C2gNA==",
      "requires": {
        "loose-envify": "1.4.0"
      }
    },
    "js-tokens": {
      "version": "4.0.0",
      "resolved": "https://registry.npmjs.org/js-tokens/-/js-tokens-4.0.0.tgz",
      "integrity": "sha512-RdJUflcE3cUzKiMqQgsCu06FPu9UdIJO0beYbPhHN4k6apgJtifcoCtT9bcxOpYBtpD2kCM6Sbzg4CausW/PKQ=="
    },
    "loose-envify": {
      "version": "1.4.0",
      "resolved": "https://registry.npmjs.org/loose-envify/-/loose-envify-1.4.0.tgz",
      "integrity": "sha512-lyuxPGr/Wfhrlem2CL/UcnUc1zcqKAImBDzukY7Y5F/yQiNdko6+fRLevlw1HgMySw7f611UIY408EtxRSoK3Q==",
      "requires": {
        "js-tokens": "4.0.0"
      }
    },
    "react-native-exception-handler": {
      "version": "2.10.2",
      "resolved": "https://registry.npmjs.org/react-native-exception-handler/-/react-native-exception-handler-2.10.2.tgz",
      "integrity": "sha512-hcPXfjSTSEbJYhUUbgarKZNwJFG2rehbJVW5ZbQc2rVkFor6tS4diyqufkWayS0mKg+N/Q3sP1w0j3QWv+u4mg=="
    },
    "react-native-exit-app": {
      "version": "1.0.0",
      "resolved": "https://registry.npmjs.org/react-native-exit-app/-/react-native-exit-app-1.0.0.tgz",
      "integrity": "sha512-2d8RlzfjA4fTJaXD3xObTt0hv+7i41bDyWDB9+zOI0zS1nGvY4mtENKhte8ceRih/3eZWQLpwkkHFP1Y8AG/5w=="
    },
    "react-native-shake": {
      "version": "3.2.4",
      "resolved": "https://registry.npmjs.org/react-native-shake/-/react-native-shake-3.2.4.tgz",
      "integrity": "sha512-QYy/aUK49JTDWFGAgxVAJRjXJk30ILgIZDIisrHXj/PW4OsJj0ocBRenB6hIfv5xtB7WFL0MGoWPJWnB9tb0uw==",
      "requires": {
        "invariant": "2.2.4"
      }
    },
    "react-native-view-shot": {
      "version": "2.5.0",
      "resolved": "https://registry.npmjs.org/react-native-view-shot/-/react-native-view-shot-2.5.0.tgz",
      "integrity": "sha512-xFJA+N7wh8Ik/17I4QB24e0a0L3atg1ScVehvtYR5UBTgHdzTFA0ZylvXp9gkZt7V+AT5Pni0H3NQItpqSKFoQ=="
    }
  }
}
