# THIS IS AN AUTOGENERATED FILE. DO NOT EDIT THIS FILE DIRECTLY.
# yarn lockfile v1


react-native-exception-handler@^2.10.2:
  version "2.10.2"
  resolved "https://registry.yarnpkg.com/react-native-exception-handler/-/react-native-exception-handler-2.10.2.tgz#c500f7713fd30e79f44b03b223cf9ea90facae89"
